
Microsoft Visual Studio Solution File, Format Version 12.00
# Visual Studio Version 17
VisualStudioVersion = 17.0.31903.59
MinimumVisualStudioVersion = 10.0.40219.1
Project("{FAE04EC0-301F-11D3-BF4B-00C04F79EFBC}") = "threading", "threading\threading.csproj", "{411A6CE4-F8F7-476B-A2C3-1BA76B39B9D1}"
EndProject
Project("{FAE04EC0-301F-11D3-BF4B-00C04F79EFBC}") = "task", "task\task.csproj", "{9820AB63-9B8D-4F07-9B04-478CF4E22A89}"
EndProject
Project("{FAE04EC0-301F-11D3-BF4B-00C04F79EFBC}") = "task-ba", "task-ba\task-ba.csproj", "{15E215D9-4A2B-48BC-8972-32AE87F3992B}"
EndProject
Project("{FAE04EC0-301F-11D3-BF4B-00C04F79EFBC}") = "locking", "locking\locking.csproj", "{445A9E7D-B3A9-4A8F-8111-92EE01473088}"
EndProject
Project("{FAE04EC0-301F-11D3-BF4B-00C04F79EFBC}") = "task-thread-ba", "task-thread-ba\task-thread-ba.csproj", "{D2B6AA94-ECC0-438E-A56F-E6C442A97EF3}"
EndProject
Global
	GlobalSection(SolutionConfigurationPlatforms) = preSolution
		Debug|Any CPU = Debug|Any CPU
		Release|Any CPU = Release|Any CPU
	EndGlobalSection
	GlobalSection(SolutionProperties) = preSolution
		HideSolutionNode = FALSE
	EndGlobalSection
	GlobalSection(ProjectConfigurationPlatforms) = postSolution
		{411A6CE4-F8F7-476B-A2C3-1BA76B39B9D1}.Debug|Any CPU.ActiveCfg = Debug|Any CPU
		{411A6CE4-F8F7-476B-A2C3-1BA76B39B9D1}.Debug|Any CPU.Build.0 = Debug|Any CPU
		{411A6CE4-F8F7-476B-A2C3-1BA76B39B9D1}.Release|Any CPU.ActiveCfg = Release|Any CPU
		{411A6CE4-F8F7-476B-A2C3-1BA76B39B9D1}.Release|Any CPU.Build.0 = Release|Any CPU
		{9820AB63-9B8D-4F07-9B04-478CF4E22A89}.Debug|Any CPU.ActiveCfg = Debug|Any CPU
		{9820AB63-9B8D-4F07-9B04-478CF4E22A89}.Debug|Any CPU.Build.0 = Debug|Any CPU
		{9820AB63-9B8D-4F07-9B04-478CF4E22A89}.Release|Any CPU.ActiveCfg = Release|Any CPU
		{9820AB63-9B8D-4F07-9B04-478CF4E22A89}.Release|Any CPU.Build.0 = Release|Any CPU
		{15E215D9-4A2B-48BC-8972-32AE87F3992B}.Debug|Any CPU.ActiveCfg = Debug|Any CPU
		{15E215D9-4A2B-48BC-8972-32AE87F3992B}.Debug|Any CPU.Build.0 = Debug|Any CPU
		{15E215D9-4A2B-48BC-8972-32AE87F3992B}.Release|Any CPU.ActiveCfg = Release|Any CPU
		{15E215D9-4A2B-48BC-8972-32AE87F3992B}.Release|Any CPU.Build.0 = Release|Any CPU
		{445A9E7D-B3A9-4A8F-8111-92EE01473088}.Debug|Any CPU.ActiveCfg = Debug|Any CPU
		{445A9E7D-B3A9-4A8F-8111-92EE01473088}.Debug|Any CPU.Build.0 = Debug|Any CPU
		{445A9E7D-B3A9-4A8F-8111-92EE01473088}.Release|Any CPU.ActiveCfg = Release|Any CPU
		{445A9E7D-B3A9-4A8F-8111-92EE01473088}.Release|Any CPU.Build.0 = Release|Any CPU
		{D2B6AA94-ECC0-438E-A56F-E6C442A97EF3}.Debug|Any CPU.ActiveCfg = Debug|Any CPU
		{D2B6AA94-ECC0-438E-A56F-E6C442A97EF3}.Debug|Any CPU.Build.0 = Debug|Any CPU
		{D2B6AA94-ECC0-438E-A56F-E6C442A97EF3}.Release|Any CPU.ActiveCfg = Release|Any CPU
		{D2B6AA94-ECC0-438E-A56F-E6C442A97EF3}.Release|Any CPU.Build.0 = Release|Any CPU
	EndGlobalSection
EndGlobal
